
Microsoft Visual Studio Solution File, Format Version 12.00
# Visual Studio Version 17
VisualStudioVersion = 17.13.35825.156
MinimumVisualStudioVersion = 10.0.40219.1
Project("{2150E333-8FDC-42A3-9474-1A3956D46DE8}") = "Services", "Services", "{02EA681E-C7D8-13C7-8484-4AC65E1B71E8}"
EndProject
Project("{2150E333-8FDC-42A3-9474-1A3956D46DE8}") = "Catalog", "Catalog", "{0A9B6AD1-B5FC-44E7-B9E1-1DFA56E13D8B}"
EndProject
Project("{FAE04EC0-301F-11D3-BF4B-00C04F79EFBC}") = "Catalog.API", "Services\Catalog\Catalog.API\Catalog.API.csproj", "{E683AD34-DD4F-4794-A5C5-7A97C1FB0D50}"
EndProject
Global
	GlobalSection(SolutionConfigurationPlatforms) = preSolution
		Debug|Any CPU = Debug|Any CPU
		Release|Any CPU = Release|Any CPU
	EndGlobalSection
	GlobalSection(ProjectConfigurationPlatforms) = postSolution
		{E683AD34-DD4F-4794-A5C5-7A97C1FB0D50}.Debug|Any CPU.ActiveCfg = Debug|Any CPU
		{E683AD34-DD4F-4794-A5C5-7A97C1FB0D50}.Debug|Any CPU.Build.0 = Debug|Any CPU
		{E683AD34-DD4F-4794-A5C5-7A97C1FB0D50}.Release|Any CPU.ActiveCfg = Release|Any CPU
		{E683AD34-DD4F-4794-A5C5-7A97C1FB0D50}.Release|Any CPU.Build.0 = Release|Any CPU
	EndGlobalSection
	GlobalSection(SolutionProperties) = preSolution
		HideSolutionNode = FALSE
	EndGlobalSection
	GlobalSection(NestedProjects) = preSolution
		{0A9B6AD1-B5FC-44E7-B9E1-1DFA56E13D8B} = {02EA681E-C7D8-13C7-8484-4AC65E1B71E8}
		{E683AD34-DD4F-4794-A5C5-7A97C1FB0D50} = {0A9B6AD1-B5FC-44E7-B9E1-1DFA56E13D8B}
	EndGlobalSection
	GlobalSection(ExtensibilityGlobals) = postSolution
		SolutionGuid = {F92C3442-FE93-464D-8563-77ECBE8D6D89}
	EndGlobalSection
EndGlobal
